
Microsoft Visual Studio Solution File, Format Version 11.00
# Visual Studio 2010
Project("{2150E333-8FDC-42A3-9474-1A3956D46DE8}") = "MonoGame", "MonoGame", "{E2789F15-2DA1-45AB-B503-2FB408FDCDAA}"
EndProject
Project("{FAE04EC0-301F-11D3-BF4B-00C04F79EFBC}") = "MonoGame.Framework.Android", "..\MonoGame\MonoGame.Framework\MonoGame.Framework.Android.csproj", "{BA9476CF-99BA-4D03-92F2-73D2C5E58883}"
EndProject
Project("{FAE04EC0-301F-11D3-BF4B-00C04F79EFBC}") = "Lidgren.Network.Android", "..\MonoGame\ThirdParty\Lidgren.Network\Lidgren.Network.Android.csproj", "{565129E0-4EE5-4F6F-B403-C3484C9740BE}"
EndProject
Project("{FAE04EC0-301F-11D3-BF4B-00C04F79EFBC}") = "Graffiti.Android.MonoGame.Core", "..\Graffiti.Android.MonoGame.Core\Graffiti.Android.MonoGame.Core.csproj", "{5B5A921D-E451-4AAC-8297-32286E8885B3}"
EndProject
Project("{2150E333-8FDC-42A3-9474-1A3956D46DE8}") = "Quake3Shader", "Quake3Shader", "{8D3DF553-F4AC-44A8-A237-1D734FBFD54A}"
EndProject
Project("{FAE04EC0-301F-11D3-BF4B-00C04F79EFBC}") = "Graffiti.Samples.Android.MonoGame.Quake3Shader", "Graffiti.Samples.Android.MonoGame.Quake3Shader\Graffiti.Samples.Android.MonoGame.Quake3Shader.csproj", "{CC410775-F1F3-498B-AFA2-D2D4F38C5D5D}"
EndProject
Global
	GlobalSection(SolutionConfigurationPlatforms) = preSolution
		Debug|Any CPU = Debug|Any CPU
		Release|Any CPU = Release|Any CPU
	EndGlobalSection
	GlobalSection(ProjectConfigurationPlatforms) = postSolution
		{565129E0-4EE5-4F6F-B403-C3484C9740BE}.Debug|Any CPU.ActiveCfg = Debug|Any CPU
		{565129E0-4EE5-4F6F-B403-C3484C9740BE}.Debug|Any CPU.Build.0 = Debug|Any CPU
		{565129E0-4EE5-4F6F-B403-C3484C9740BE}.Release|Any CPU.ActiveCfg = Release|Any CPU
		{565129E0-4EE5-4F6F-B403-C3484C9740BE}.Release|Any CPU.Build.0 = Release|Any CPU
		{5B5A921D-E451-4AAC-8297-32286E8885B3}.Debug|Any CPU.ActiveCfg = Debug|Any CPU
		{5B5A921D-E451-4AAC-8297-32286E8885B3}.Debug|Any CPU.Build.0 = Debug|Any CPU
		{5B5A921D-E451-4AAC-8297-32286E8885B3}.Release|Any CPU.ActiveCfg = Release|Any CPU
		{5B5A921D-E451-4AAC-8297-32286E8885B3}.Release|Any CPU.Build.0 = Release|Any CPU
		{BA9476CF-99BA-4D03-92F2-73D2C5E58883}.Debug|Any CPU.ActiveCfg = Debug|Any CPU
		{BA9476CF-99BA-4D03-92F2-73D2C5E58883}.Debug|Any CPU.Build.0 = Debug|Any CPU
		{BA9476CF-99BA-4D03-92F2-73D2C5E58883}.Release|Any CPU.ActiveCfg = Release|Any CPU
		{BA9476CF-99BA-4D03-92F2-73D2C5E58883}.Release|Any CPU.Build.0 = Release|Any CPU
		{CC410775-F1F3-498B-AFA2-D2D4F38C5D5D}.Debug|Any CPU.ActiveCfg = Debug|Any CPU
		{CC410775-F1F3-498B-AFA2-D2D4F38C5D5D}.Debug|Any CPU.Build.0 = Debug|Any CPU
		{CC410775-F1F3-498B-AFA2-D2D4F38C5D5D}.Release|Any CPU.ActiveCfg = Release|Any CPU
		{CC410775-F1F3-498B-AFA2-D2D4F38C5D5D}.Release|Any CPU.Build.0 = Release|Any CPU
	EndGlobalSection
	GlobalSection(NestedProjects) = preSolution
		{BA9476CF-99BA-4D03-92F2-73D2C5E58883} = {E2789F15-2DA1-45AB-B503-2FB408FDCDAA}
		{565129E0-4EE5-4F6F-B403-C3484C9740BE} = {E2789F15-2DA1-45AB-B503-2FB408FDCDAA}
		{CC410775-F1F3-498B-AFA2-D2D4F38C5D5D} = {8D3DF553-F4AC-44A8-A237-1D734FBFD54A}
	EndGlobalSection
	GlobalSection(MonoDevelopProperties) = preSolution
		StartupItem = Graffiti.Samples.Android.MonoGame.Quake3Shader\Graffiti.Samples.Android.MonoGame.Quake3Shader.csproj
	EndGlobalSection
	GlobalSection(SolutionProperties) = preSolution
		HideSolutionNode = FALSE
	EndGlobalSection
EndGlobal
