
Microsoft Visual Studio Solution File, Format Version 11.00
# Visual Studio 2010
Project("{2150E333-8FDC-42A3-9474-1A3956D46DE8}") = "MonoGame", "MonoGame", "{FE10BD99-553C-438C-B2B5-AEE6BCF5D3E0}"
EndProject
Project("{FAE04EC0-301F-11D3-BF4B-00C04F79EFBC}") = "Lidgren.Network.iOS", "..\MonoGame\ThirdParty\Lidgren.Network\Lidgren.Network.iOS.csproj", "{734EAA48-F1CA-481A-B391-0285BC0E8B40}"
EndProject
Project("{FAE04EC0-301F-11D3-BF4B-00C04F79EFBC}") = "MonoGame.Framework.iOS", "..\MonoGame\MonoGame.Framework\MonoGame.Framework.iOS.csproj", "{DB8508BB-9849-4CC2-BC0F-8EB5DACB3C47}"
EndProject
Project("{FAE04EC0-301F-11D3-BF4B-00C04F79EFBC}") = "Graffiti.Core.iOS.MonoGame", "..\Graffiti.Core.iOS.MonoGame\Graffiti.Core.iOS.MonoGame.csproj", "{EF55D831-6470-4C00-B6CB-B7439C5E00F4}"
EndProject
Project("{FAE04EC0-301F-11D3-BF4B-00C04F79EFBC}") = "Graffiti.Samples.iOS.MonoGame.Quake3Shader", "Graffiti.Samples.iOS.MonoGame.Quake3Shader\Graffiti.Samples.iOS.MonoGame.Quake3Shader.csproj", "{63FBA9CD-38DB-47DC-B1D7-FC11925B79BC}"
EndProject
Global
	GlobalSection(SolutionConfigurationPlatforms) = preSolution
		Debug|Any CPU = Debug|Any CPU
		Release|Any CPU = Release|Any CPU
		Debug|iPhoneSimulator = Debug|iPhoneSimulator
		Release|iPhoneSimulator = Release|iPhoneSimulator
		Debug|iPhone = Debug|iPhone
		Release|iPhone = Release|iPhone
		Ad-Hoc|iPhone = Ad-Hoc|iPhone
		AppStore|iPhone = AppStore|iPhone
		Debug|x86 = Debug|x86
		Release|x86 = Release|x86
	EndGlobalSection
	GlobalSection(ProjectConfigurationPlatforms) = postSolution
		{63FBA9CD-38DB-47DC-B1D7-FC11925B79BC}.Ad-Hoc|iPhone.ActiveCfg = Ad-Hoc|iPhone
		{63FBA9CD-38DB-47DC-B1D7-FC11925B79BC}.Ad-Hoc|iPhone.Build.0 = Ad-Hoc|iPhone
		{63FBA9CD-38DB-47DC-B1D7-FC11925B79BC}.AppStore|iPhone.ActiveCfg = AppStore|iPhone
		{63FBA9CD-38DB-47DC-B1D7-FC11925B79BC}.AppStore|iPhone.Build.0 = AppStore|iPhone
		{63FBA9CD-38DB-47DC-B1D7-FC11925B79BC}.Debug|Any CPU.ActiveCfg = Debug|iPhoneSimulator
		{63FBA9CD-38DB-47DC-B1D7-FC11925B79BC}.Debug|Any CPU.Build.0 = Debug|iPhoneSimulator
		{63FBA9CD-38DB-47DC-B1D7-FC11925B79BC}.Debug|iPhone.ActiveCfg = Debug|iPhone
		{63FBA9CD-38DB-47DC-B1D7-FC11925B79BC}.Debug|iPhone.Build.0 = Debug|iPhone
		{63FBA9CD-38DB-47DC-B1D7-FC11925B79BC}.Debug|iPhoneSimulator.ActiveCfg = Debug|iPhoneSimulator
		{63FBA9CD-38DB-47DC-B1D7-FC11925B79BC}.Debug|iPhoneSimulator.Build.0 = Debug|iPhoneSimulator
		{63FBA9CD-38DB-47DC-B1D7-FC11925B79BC}.Debug|x86.ActiveCfg = Debug|iPhoneSimulator
		{63FBA9CD-38DB-47DC-B1D7-FC11925B79BC}.Debug|x86.Build.0 = Debug|iPhoneSimulator
		{63FBA9CD-38DB-47DC-B1D7-FC11925B79BC}.Release|Any CPU.ActiveCfg = Release|iPhoneSimulator
		{63FBA9CD-38DB-47DC-B1D7-FC11925B79BC}.Release|Any CPU.Build.0 = Release|iPhoneSimulator
		{63FBA9CD-38DB-47DC-B1D7-FC11925B79BC}.Release|iPhone.ActiveCfg = Release|iPhone
		{63FBA9CD-38DB-47DC-B1D7-FC11925B79BC}.Release|iPhone.Build.0 = Release|iPhone
		{63FBA9CD-38DB-47DC-B1D7-FC11925B79BC}.Release|iPhoneSimulator.ActiveCfg = Release|iPhoneSimulator
		{63FBA9CD-38DB-47DC-B1D7-FC11925B79BC}.Release|iPhoneSimulator.Build.0 = Release|iPhoneSimulator
		{63FBA9CD-38DB-47DC-B1D7-FC11925B79BC}.Release|x86.ActiveCfg = Release|iPhoneSimulator
		{63FBA9CD-38DB-47DC-B1D7-FC11925B79BC}.Release|x86.Build.0 = Release|iPhoneSimulator
		{734EAA48-F1CA-481A-B391-0285BC0E8B40}.Debug|Any CPU.ActiveCfg = Debug|Any CPU
		{734EAA48-F1CA-481A-B391-0285BC0E8B40}.Debug|Any CPU.Build.0 = Debug|Any CPU
		{734EAA48-F1CA-481A-B391-0285BC0E8B40}.Release|Any CPU.ActiveCfg = Release|Any CPU
		{734EAA48-F1CA-481A-B391-0285BC0E8B40}.Release|Any CPU.Build.0 = Release|Any CPU
		{DB8508BB-9849-4CC2-BC0F-8EB5DACB3C47}.Debug|Any CPU.ActiveCfg = Debug|iPhoneSimulator
		{DB8508BB-9849-4CC2-BC0F-8EB5DACB3C47}.Debug|Any CPU.Build.0 = Debug|iPhoneSimulator
		{DB8508BB-9849-4CC2-BC0F-8EB5DACB3C47}.Debug|iPhone.ActiveCfg = Debug|iPhone
		{DB8508BB-9849-4CC2-BC0F-8EB5DACB3C47}.Debug|iPhone.Build.0 = Debug|iPhone
		{DB8508BB-9849-4CC2-BC0F-8EB5DACB3C47}.Debug|iPhoneSimulator.ActiveCfg = Debug|iPhoneSimulator
		{DB8508BB-9849-4CC2-BC0F-8EB5DACB3C47}.Debug|iPhoneSimulator.Build.0 = Debug|iPhoneSimulator
		{DB8508BB-9849-4CC2-BC0F-8EB5DACB3C47}.Release|Any CPU.ActiveCfg = Release|iPhoneSimulator
		{DB8508BB-9849-4CC2-BC0F-8EB5DACB3C47}.Release|Any CPU.Build.0 = Release|iPhoneSimulator
		{DB8508BB-9849-4CC2-BC0F-8EB5DACB3C47}.Release|iPhone.ActiveCfg = Release|iPhone
		{DB8508BB-9849-4CC2-BC0F-8EB5DACB3C47}.Release|iPhone.Build.0 = Release|iPhone
		{DB8508BB-9849-4CC2-BC0F-8EB5DACB3C47}.Release|iPhoneSimulator.ActiveCfg = Release|iPhoneSimulator
		{DB8508BB-9849-4CC2-BC0F-8EB5DACB3C47}.Release|iPhoneSimulator.Build.0 = Release|iPhoneSimulator
		{EF55D831-6470-4C00-B6CB-B7439C5E00F4}.Debug|Any CPU.ActiveCfg = Debug|Any CPU
		{EF55D831-6470-4C00-B6CB-B7439C5E00F4}.Debug|Any CPU.Build.0 = Debug|Any CPU
		{EF55D831-6470-4C00-B6CB-B7439C5E00F4}.Debug|iPhone.ActiveCfg = Debug|Any CPU
		{EF55D831-6470-4C00-B6CB-B7439C5E00F4}.Debug|iPhone.Build.0 = Debug|Any CPU
		{EF55D831-6470-4C00-B6CB-B7439C5E00F4}.Debug|iPhoneSimulator.ActiveCfg = Debug|Any CPU
		{EF55D831-6470-4C00-B6CB-B7439C5E00F4}.Debug|iPhoneSimulator.Build.0 = Debug|Any CPU
		{EF55D831-6470-4C00-B6CB-B7439C5E00F4}.Release|Any CPU.ActiveCfg = Release|Any CPU
		{EF55D831-6470-4C00-B6CB-B7439C5E00F4}.Release|Any CPU.Build.0 = Release|Any CPU
		{EF55D831-6470-4C00-B6CB-B7439C5E00F4}.Release|iPhone.ActiveCfg = Release|Any CPU
		{EF55D831-6470-4C00-B6CB-B7439C5E00F4}.Release|iPhone.Build.0 = Release|Any CPU
		{EF55D831-6470-4C00-B6CB-B7439C5E00F4}.Release|iPhoneSimulator.ActiveCfg = Release|Any CPU
		{EF55D831-6470-4C00-B6CB-B7439C5E00F4}.Release|iPhoneSimulator.Build.0 = Release|Any CPU
	EndGlobalSection
	GlobalSection(NestedProjects) = preSolution
		{734EAA48-F1CA-481A-B391-0285BC0E8B40} = {FE10BD99-553C-438C-B2B5-AEE6BCF5D3E0}
		{DB8508BB-9849-4CC2-BC0F-8EB5DACB3C47} = {FE10BD99-553C-438C-B2B5-AEE6BCF5D3E0}
	EndGlobalSection
	GlobalSection(MonoDevelopProperties) = preSolution
		StartupItem = Graffiti.Samples.iOS.MonoGame.Quake3Shader\Graffiti.Samples.iOS.MonoGame.Quake3Shader.csproj
	EndGlobalSection
EndGlobal
